
Microsoft Visual Studio Solution File, Format Version 12.00
# Visual Studio Version 17
VisualStudioVersion = 17.0.32112.339
MinimumVisualStudioVersion = 10.0.40219.1
Project("{00D1A9C2-B5F0-4AF3-8072-F6C62B433612}") = "bank-apiDatabase", "bank-apiDatabase\bank-apiDatabase.sqlproj", "{2A967CE5-E31E-4730-B5B5-FE723ECE88B1}"
EndProject
Project("{FAE04EC0-301F-11D3-BF4B-00C04F79EFBC}") = "bank-apiDomain", "bank-apiDomain\bank-apiDomain.csproj", "{2931D46F-152F-45DD-97C5-0B1D0D0383C8}"
EndProject
Project("{FAE04EC0-301F-11D3-BF4B-00C04F79EFBC}") = "bank-apiRepository", "bank-apiRepository\bank-apiRepository.csproj", "{B12F1344-48DF-4669-9576-AD091D0C03A8}"
EndProject
Project("{FAE04EC0-301F-11D3-BF4B-00C04F79EFBC}") = "bank-apiService", "bank-apiService\bank-apiService.csproj", "{FBDB2BE0-C6EC-49ED-AA20-81359BAD4EC3}"
EndProject
Global
	GlobalSection(SolutionConfigurationPlatforms) = preSolution
		Debug|Any CPU = Debug|Any CPU
		Release|Any CPU = Release|Any CPU
	EndGlobalSection
	GlobalSection(ProjectConfigurationPlatforms) = postSolution
		{2A967CE5-E31E-4730-B5B5-FE723ECE88B1}.Debug|Any CPU.ActiveCfg = Debug|Any CPU
		{2A967CE5-E31E-4730-B5B5-FE723ECE88B1}.Debug|Any CPU.Build.0 = Debug|Any CPU
		{2A967CE5-E31E-4730-B5B5-FE723ECE88B1}.Debug|Any CPU.Deploy.0 = Debug|Any CPU
		{2A967CE5-E31E-4730-B5B5-FE723ECE88B1}.Release|Any CPU.ActiveCfg = Release|Any CPU
		{2A967CE5-E31E-4730-B5B5-FE723ECE88B1}.Release|Any CPU.Build.0 = Release|Any CPU
		{2A967CE5-E31E-4730-B5B5-FE723ECE88B1}.Release|Any CPU.Deploy.0 = Release|Any CPU
		{2931D46F-152F-45DD-97C5-0B1D0D0383C8}.Debug|Any CPU.ActiveCfg = Debug|Any CPU
		{2931D46F-152F-45DD-97C5-0B1D0D0383C8}.Debug|Any CPU.Build.0 = Debug|Any CPU
		{2931D46F-152F-45DD-97C5-0B1D0D0383C8}.Release|Any CPU.ActiveCfg = Release|Any CPU
		{2931D46F-152F-45DD-97C5-0B1D0D0383C8}.Release|Any CPU.Build.0 = Release|Any CPU
		{B12F1344-48DF-4669-9576-AD091D0C03A8}.Debug|Any CPU.ActiveCfg = Debug|Any CPU
		{B12F1344-48DF-4669-9576-AD091D0C03A8}.Debug|Any CPU.Build.0 = Debug|Any CPU
		{B12F1344-48DF-4669-9576-AD091D0C03A8}.Release|Any CPU.ActiveCfg = Release|Any CPU
		{B12F1344-48DF-4669-9576-AD091D0C03A8}.Release|Any CPU.Build.0 = Release|Any CPU
		{FBDB2BE0-C6EC-49ED-AA20-81359BAD4EC3}.Debug|Any CPU.ActiveCfg = Debug|Any CPU
		{FBDB2BE0-C6EC-49ED-AA20-81359BAD4EC3}.Debug|Any CPU.Build.0 = Debug|Any CPU
		{FBDB2BE0-C6EC-49ED-AA20-81359BAD4EC3}.Release|Any CPU.ActiveCfg = Release|Any CPU
		{FBDB2BE0-C6EC-49ED-AA20-81359BAD4EC3}.Release|Any CPU.Build.0 = Release|Any CPU
	EndGlobalSection
	GlobalSection(SolutionProperties) = preSolution
		HideSolutionNode = FALSE
	EndGlobalSection
	GlobalSection(ExtensibilityGlobals) = postSolution
		SolutionGuid = {1701D95A-86B0-4BEA-AF6D-1880915109C7}
	EndGlobalSection
EndGlobal
